
Microsoft Visual Studio Solution File, Format Version 12.00
# Visual Studio 15
VisualStudioVersion = 15.0.26730.15
MinimumVisualStudioVersion = 10.0.40219.1
Project("{8BC9CEB8-8B4A-11D0-8D11-00A0C91BC942}") = "t1ja2", "t1ja2\t1ja2.vcxproj", "{71056DF0-7CF0-4293-AEAD-204C841042E8}"
EndProject
Project("{8BC9CEB8-8B4A-11D0-8D11-00A0C91BC942}") = "t3ja4", "t3ja4\t3ja4.vcxproj", "{55112F73-DA40-4A0C-90A3-01B0F6D98413}"
EndProject
Global
	GlobalSection(SolutionConfigurationPlatforms) = preSolution
		Debug|x64 = Debug|x64
		Debug|x86 = Debug|x86
		Release|x64 = Release|x64
		Release|x86 = Release|x86
	EndGlobalSection
	GlobalSection(ProjectConfigurationPlatforms) = postSolution
		{71056DF0-7CF0-4293-AEAD-204C841042E8}.Debug|x64.ActiveCfg = Debug|x64
		{71056DF0-7CF0-4293-AEAD-204C841042E8}.Debug|x64.Build.0 = Debug|x64
		{71056DF0-7CF0-4293-AEAD-204C841042E8}.Debug|x86.ActiveCfg = Debug|Win32
		{71056DF0-7CF0-4293-AEAD-204C841042E8}.Debug|x86.Build.0 = Debug|Win32
		{71056DF0-7CF0-4293-AEAD-204C841042E8}.Release|x64.ActiveCfg = Release|x64
		{71056DF0-7CF0-4293-AEAD-204C841042E8}.Release|x64.Build.0 = Release|x64
		{71056DF0-7CF0-4293-AEAD-204C841042E8}.Release|x86.ActiveCfg = Release|Win32
		{71056DF0-7CF0-4293-AEAD-204C841042E8}.Release|x86.Build.0 = Release|Win32
		{55112F73-DA40-4A0C-90A3-01B0F6D98413}.Debug|x64.ActiveCfg = Debug|x64
		{55112F73-DA40-4A0C-90A3-01B0F6D98413}.Debug|x64.Build.0 = Debug|x64
		{55112F73-DA40-4A0C-90A3-01B0F6D98413}.Debug|x86.ActiveCfg = Debug|Win32
		{55112F73-DA40-4A0C-90A3-01B0F6D98413}.Debug|x86.Build.0 = Debug|Win32
		{55112F73-DA40-4A0C-90A3-01B0F6D98413}.Release|x64.ActiveCfg = Release|x64
		{55112F73-DA40-4A0C-90A3-01B0F6D98413}.Release|x64.Build.0 = Release|x64
		{55112F73-DA40-4A0C-90A3-01B0F6D98413}.Release|x86.ActiveCfg = Release|Win32
		{55112F73-DA40-4A0C-90A3-01B0F6D98413}.Release|x86.Build.0 = Release|Win32
	EndGlobalSection
	GlobalSection(SolutionProperties) = preSolution
		HideSolutionNode = FALSE
	EndGlobalSection
	GlobalSection(ExtensibilityGlobals) = postSolution
		SolutionGuid = {148BBC43-677B-4BCD-9F32-C6CC5742CE20}
	EndGlobalSection
EndGlobal
