
Microsoft Visual Studio Solution File, Format Version 12.00
# Visual Studio 15
VisualStudioVersion = 15.0.26730.15
MinimumVisualStudioVersion = 10.0.40219.1
Project("{8BC9CEB8-8B4A-11D0-8D11-00A0C91BC942}") = "t1-2", "t1-2\t1-2.vcxproj", "{7A28464A-7BD5-40EE-A9E1-DDFC482D6ED0}"
EndProject
Global
	GlobalSection(SolutionConfigurationPlatforms) = preSolution
		Debug|x64 = Debug|x64
		Debug|x86 = Debug|x86
		Release|x64 = Release|x64
		Release|x86 = Release|x86
	EndGlobalSection
	GlobalSection(ProjectConfigurationPlatforms) = postSolution
		{7A28464A-7BD5-40EE-A9E1-DDFC482D6ED0}.Debug|x64.ActiveCfg = Debug|x64
		{7A28464A-7BD5-40EE-A9E1-DDFC482D6ED0}.Debug|x64.Build.0 = Debug|x64
		{7A28464A-7BD5-40EE-A9E1-DDFC482D6ED0}.Debug|x86.ActiveCfg = Debug|Win32
		{7A28464A-7BD5-40EE-A9E1-DDFC482D6ED0}.Debug|x86.Build.0 = Debug|Win32
		{7A28464A-7BD5-40EE-A9E1-DDFC482D6ED0}.Release|x64.ActiveCfg = Release|x64
		{7A28464A-7BD5-40EE-A9E1-DDFC482D6ED0}.Release|x64.Build.0 = Release|x64
		{7A28464A-7BD5-40EE-A9E1-DDFC482D6ED0}.Release|x86.ActiveCfg = Release|Win32
		{7A28464A-7BD5-40EE-A9E1-DDFC482D6ED0}.Release|x86.Build.0 = Release|Win32
	EndGlobalSection
	GlobalSection(SolutionProperties) = preSolution
		HideSolutionNode = FALSE
	EndGlobalSection
	GlobalSection(ExtensibilityGlobals) = postSolution
		SolutionGuid = {7A450186-8040-4D10-8914-D52E00BC9BA8}
	EndGlobalSection
EndGlobal
